
Microsoft Visual Studio Solution File, Format Version 12.00
# Visual Studio 15
VisualStudioVersion = 15.0.28010.2016
MinimumVisualStudioVersion = 10.0.40219.1
Project("{FAE04EC0-301F-11D3-BF4B-00C04F79EFBC}") = "BaselFinalProjectApp", "BaselFinalProjectApp\BaselFinalProjectApp.csproj", "{50C40B80-598E-44FC-A45D-5228DA35C334}"
EndProject
Global
	GlobalSection(SolutionConfigurationPlatforms) = preSolution
		Debug|Any CPU = Debug|Any CPU
		Release|Any CPU = Release|Any CPU
	EndGlobalSection
	GlobalSection(ProjectConfigurationPlatforms) = postSolution
		{50C40B80-598E-44FC-A45D-5228DA35C334}.Debug|Any CPU.ActiveCfg = Debug|Any CPU
		{50C40B80-598E-44FC-A45D-5228DA35C334}.Debug|Any CPU.Build.0 = Debug|Any CPU
		{50C40B80-598E-44FC-A45D-5228DA35C334}.Release|Any CPU.ActiveCfg = Release|Any CPU
		{50C40B80-598E-44FC-A45D-5228DA35C334}.Release|Any CPU.Build.0 = Release|Any CPU
	EndGlobalSection
	GlobalSection(SolutionProperties) = preSolution
		HideSolutionNode = FALSE
	EndGlobalSection
	GlobalSection(ExtensibilityGlobals) = postSolution
		SolutionGuid = {DF08D27E-1DEA-4776-AF9B-46A238203233}
	EndGlobalSection
EndGlobal
